PODS:
  - YangWidgets (0.1.0):
    - YangWidgets/YangDragButton (= 0.1.0)
    - YangWidgets/YangDropMenuView (= 0.1.0)
    - YangWidgets/YangPageControl (= 0.1.0)
    - YangWidgets/YangSlideMenuView (= 0.1.0)
  - YangWidgets/YangDragButton (0.1.0)
  - YangWidgets/YangDropMenuView (0.1.0)
  - YangWidgets/YangPageControl (0.1.0)
  - YangWidgets/YangSlideMenuView (0.1.0)

DEPENDENCIES:
  - YangWidgets (from `../`)

EXTERNAL SOURCES:
  YangWidgets:
    :path: "../"

SPEC CHECKSUMS:
  YangWidgets: 6e10079042a5f898ab33ab8cea3a26e1be7f8a7d

PODFILE CHECKSUM: 03c1a775362354e6e421328009aa6dcad035806b

COCOAPODS: 1.2.1
