PODS:
  - YangWidgets/DragButton (0.1.0)
  - YangWidgets/YangPageControl (0.1.0)

DEPENDENCIES:
  - YangWidgets/DragButton (from `../`)
  - YangWidgets/YangPageControl (from `../`)

EXTERNAL SOURCES:
  YangWidgets:
    :path: "../"

SPEC CHECKSUMS:
  YangWidgets: 04ee776aaca4007c0b893d4789444ddaad22e640

PODFILE CHECKSUM: c7e94c4d520c7769bacfed2ac74170bf6ce439f4

COCOAPODS: 1.2.1
